
Microsoft Visual Studio Solution File, Format Version 12.00
# Visual Studio 2012
Project("{FAE04EC0-301F-11D3-BF4B-00C04F79EFBC}") = "CharacterLibrary", "CharacterLibrary\CharacterLibrary.csproj", "{BE9044D3-D990-48C2-9B77-0A29C00F7043}"
EndProject
Global
	GlobalSection(SolutionConfigurationPlatforms) = preSolution
		Debug|x86 = Debug|x86
		Release|x86 = Release|x86
	EndGlobalSection
	GlobalSection(ProjectConfigurationPlatforms) = postSolution
		{BE9044D3-D990-48C2-9B77-0A29C00F7043}.Debug|x86.ActiveCfg = Debug|x86
		{BE9044D3-D990-48C2-9B77-0A29C00F7043}.Debug|x86.Build.0 = Debug|x86
		{BE9044D3-D990-48C2-9B77-0A29C00F7043}.Release|x86.ActiveCfg = Release|x86
		{BE9044D3-D990-48C2-9B77-0A29C00F7043}.Release|x86.Build.0 = Release|x86
	EndGlobalSection
EndGlobal
